
Microsoft Visual Studio Solution File, Format Version 12.00
# Visual Studio 2013
VisualStudioVersion = 12.0.31101.0
MinimumVisualStudioVersion = 10.0.40219.1
Project("{8BC9CEB8-8B4A-11D0-8D11-00A0C91BC942}") = "dullahan", "src\dullahan.vcxproj", "{A5779E35-7761-4105-8E1D-42477EEB9503}"
EndProject
Project("{8BC9CEB8-8B4A-11D0-8D11-00A0C91BC942}") = "dullahan_host", "host\dullahan_host.vcxproj", "{F52DE408-6276-4AAD-AB15-B91090ED6B89}"
	ProjectSection(ProjectDependencies) = postProject
		{A5779E35-7761-4105-8E1D-42477EEB9503} = {A5779E35-7761-4105-8E1D-42477EEB9503}
	EndProjectSection
EndProject
Project("{2150E333-8FDC-42A3-9474-1A3956D46DE8}") = "examples", "examples", "{BABB4740-635A-4608-9AA9-74895E3D8C93}"
	ProjectSection(SolutionItems) = preProject
		examples\README.md = examples\README.md
	EndProjectSection
EndProject
Project("{8BC9CEB8-8B4A-11D0-8D11-00A0C91BC942}") = "console", "examples\console\console.vcxproj", "{C57043FE-CECC-4DDF-AF8A-4D9D3EBB8836}"
	ProjectSection(ProjectDependencies) = postProject
		{F52DE408-6276-4AAD-AB15-B91090ED6B89} = {F52DE408-6276-4AAD-AB15-B91090ED6B89}
		{A5779E35-7761-4105-8E1D-42477EEB9503} = {A5779E35-7761-4105-8E1D-42477EEB9503}
	EndProjectSection
EndProject
Project("{2150E333-8FDC-42A3-9474-1A3956D46DE8}") = "Solution Items", "Solution Items", "{4A4120F0-1335-4E61-B7A5-8896242E4B84}"
	ProjectSection(SolutionItems) = preProject
		README.md = README.md
	EndProjectSection
EndProject
Project("{8BC9CEB8-8B4A-11D0-8D11-00A0C91BC942}") = "webcube", "examples\webcube\webcube.vcxproj", "{0797BC6E-9666-48CB-8605-26AB11801F67}"
	ProjectSection(ProjectDependencies) = postProject
		{F52DE408-6276-4AAD-AB15-B91090ED6B89} = {F52DE408-6276-4AAD-AB15-B91090ED6B89}
		{A5779E35-7761-4105-8E1D-42477EEB9503} = {A5779E35-7761-4105-8E1D-42477EEB9503}
	EndProjectSection
EndProject
Project("{8BC9CEB8-8B4A-11D0-8D11-00A0C91BC942}") = "simplegl", "examples\simplegl\simplegl.vcxproj", "{3F3791D1-A5C4-4141-8C73-C7E44EBA6782}"
	ProjectSection(ProjectDependencies) = postProject
		{F52DE408-6276-4AAD-AB15-B91090ED6B89} = {F52DE408-6276-4AAD-AB15-B91090ED6B89}
		{A5779E35-7761-4105-8E1D-42477EEB9503} = {A5779E35-7761-4105-8E1D-42477EEB9503}
	EndProjectSection
EndProject
Global
	GlobalSection(SolutionConfigurationPlatforms) = preSolution
		Debug|Win32 = Debug|Win32
		Release|Win32 = Release|Win32
	EndGlobalSection
	GlobalSection(ProjectConfigurationPlatforms) = postSolution
		{A5779E35-7761-4105-8E1D-42477EEB9503}.Debug|Win32.ActiveCfg = Debug|Win32
		{A5779E35-7761-4105-8E1D-42477EEB9503}.Debug|Win32.Build.0 = Debug|Win32
		{A5779E35-7761-4105-8E1D-42477EEB9503}.Release|Win32.ActiveCfg = Release|Win32
		{A5779E35-7761-4105-8E1D-42477EEB9503}.Release|Win32.Build.0 = Release|Win32
		{F52DE408-6276-4AAD-AB15-B91090ED6B89}.Debug|Win32.ActiveCfg = Debug|Win32
		{F52DE408-6276-4AAD-AB15-B91090ED6B89}.Debug|Win32.Build.0 = Debug|Win32
		{F52DE408-6276-4AAD-AB15-B91090ED6B89}.Release|Win32.ActiveCfg = Release|Win32
		{F52DE408-6276-4AAD-AB15-B91090ED6B89}.Release|Win32.Build.0 = Release|Win32
		{C57043FE-CECC-4DDF-AF8A-4D9D3EBB8836}.Debug|Win32.ActiveCfg = Debug|Win32
		{C57043FE-CECC-4DDF-AF8A-4D9D3EBB8836}.Debug|Win32.Build.0 = Debug|Win32
		{C57043FE-CECC-4DDF-AF8A-4D9D3EBB8836}.Release|Win32.ActiveCfg = Release|Win32
		{C57043FE-CECC-4DDF-AF8A-4D9D3EBB8836}.Release|Win32.Build.0 = Release|Win32
		{0797BC6E-9666-48CB-8605-26AB11801F67}.Debug|Win32.ActiveCfg = Debug|Win32
		{0797BC6E-9666-48CB-8605-26AB11801F67}.Debug|Win32.Build.0 = Debug|Win32
		{0797BC6E-9666-48CB-8605-26AB11801F67}.Release|Win32.ActiveCfg = Release|Win32
		{0797BC6E-9666-48CB-8605-26AB11801F67}.Release|Win32.Build.0 = Release|Win32
		{3F3791D1-A5C4-4141-8C73-C7E44EBA6782}.Debug|Win32.ActiveCfg = Debug|Win32
		{3F3791D1-A5C4-4141-8C73-C7E44EBA6782}.Debug|Win32.Build.0 = Debug|Win32
		{3F3791D1-A5C4-4141-8C73-C7E44EBA6782}.Release|Win32.ActiveCfg = Release|Win32
		{3F3791D1-A5C4-4141-8C73-C7E44EBA6782}.Release|Win32.Build.0 = Release|Win32
	EndGlobalSection
	GlobalSection(SolutionProperties) = preSolution
		HideSolutionNode = FALSE
	EndGlobalSection
	GlobalSection(NestedProjects) = preSolution
		{C57043FE-CECC-4DDF-AF8A-4D9D3EBB8836} = {BABB4740-635A-4608-9AA9-74895E3D8C93}
		{0797BC6E-9666-48CB-8605-26AB11801F67} = {BABB4740-635A-4608-9AA9-74895E3D8C93}
		{3F3791D1-A5C4-4141-8C73-C7E44EBA6782} = {BABB4740-635A-4608-9AA9-74895E3D8C93}
	EndGlobalSection
EndGlobal
